
Microsoft Visual Studio Solution File, Format Version 12.00
# Visual Studio Version 17
VisualStudioVersion = 17.1.32407.343
MinimumVisualStudioVersion = 10.0.40219.1
Project("{9A19103F-16F7-4668-BE54-9A1E7A4F7556}") = "DTO", "DTO\DTO.csproj", "{6BDBF86D-0098-4BEB-8D8D-DF72B3A695C9}"
EndProject
Project("{9A19103F-16F7-4668-BE54-9A1E7A4F7556}") = "WebApp", "WebApp\WebApp.csproj", "{FB5CFDB5-C0FA-40D5-B46D-1EA3EC1A9B1E}"
EndProject
Project("{9A19103F-16F7-4668-BE54-9A1E7A4F7556}") = "WinApp", "WinApp\WinApp.csproj", "{CC4F4DA8-B01A-4C57-90B0-5DF06A7C0CF1}"
EndProject
Project("{9A19103F-16F7-4668-BE54-9A1E7A4F7556}") = "UnitTests", "UnitTests\UnitTests.csproj", "{3FF74F8D-8DCD-46DB-945E-03FE6A8A94FF}"
EndProject
Project("{FAE04EC0-301F-11D3-BF4B-00C04F79EFBC}") = "DAL", "DAL\DAL.csproj", "{CD6A6444-28E0-4E41-A466-B43549B915D0}"
EndProject
Project("{FAE04EC0-301F-11D3-BF4B-00C04F79EFBC}") = "BLL", "BLL\BLL.csproj", "{AD34DDDA-1309-4875-B929-02B6F51C267A}"
EndProject
Global
	GlobalSection(SolutionConfigurationPlatforms) = preSolution
		Debug|Any CPU = Debug|Any CPU
		Release|Any CPU = Release|Any CPU
	EndGlobalSection
	GlobalSection(ProjectConfigurationPlatforms) = postSolution
		{6BDBF86D-0098-4BEB-8D8D-DF72B3A695C9}.Debug|Any CPU.ActiveCfg = Debug|Any CPU
		{6BDBF86D-0098-4BEB-8D8D-DF72B3A695C9}.Debug|Any CPU.Build.0 = Debug|Any CPU
		{6BDBF86D-0098-4BEB-8D8D-DF72B3A695C9}.Release|Any CPU.ActiveCfg = Release|Any CPU
		{6BDBF86D-0098-4BEB-8D8D-DF72B3A695C9}.Release|Any CPU.Build.0 = Release|Any CPU
		{FB5CFDB5-C0FA-40D5-B46D-1EA3EC1A9B1E}.Debug|Any CPU.ActiveCfg = Debug|Any CPU
		{FB5CFDB5-C0FA-40D5-B46D-1EA3EC1A9B1E}.Debug|Any CPU.Build.0 = Debug|Any CPU
		{FB5CFDB5-C0FA-40D5-B46D-1EA3EC1A9B1E}.Release|Any CPU.ActiveCfg = Release|Any CPU
		{FB5CFDB5-C0FA-40D5-B46D-1EA3EC1A9B1E}.Release|Any CPU.Build.0 = Release|Any CPU
		{CC4F4DA8-B01A-4C57-90B0-5DF06A7C0CF1}.Debug|Any CPU.ActiveCfg = Debug|Any CPU
		{CC4F4DA8-B01A-4C57-90B0-5DF06A7C0CF1}.Debug|Any CPU.Build.0 = Debug|Any CPU
		{CC4F4DA8-B01A-4C57-90B0-5DF06A7C0CF1}.Release|Any CPU.ActiveCfg = Release|Any CPU
		{CC4F4DA8-B01A-4C57-90B0-5DF06A7C0CF1}.Release|Any CPU.Build.0 = Release|Any CPU
		{3FF74F8D-8DCD-46DB-945E-03FE6A8A94FF}.Debug|Any CPU.ActiveCfg = Debug|Any CPU
		{3FF74F8D-8DCD-46DB-945E-03FE6A8A94FF}.Debug|Any CPU.Build.0 = Debug|Any CPU
		{3FF74F8D-8DCD-46DB-945E-03FE6A8A94FF}.Release|Any CPU.ActiveCfg = Release|Any CPU
		{3FF74F8D-8DCD-46DB-945E-03FE6A8A94FF}.Release|Any CPU.Build.0 = Release|Any CPU
		{CD6A6444-28E0-4E41-A466-B43549B915D0}.Debug|Any CPU.ActiveCfg = Debug|Any CPU
		{CD6A6444-28E0-4E41-A466-B43549B915D0}.Debug|Any CPU.Build.0 = Debug|Any CPU
		{CD6A6444-28E0-4E41-A466-B43549B915D0}.Release|Any CPU.ActiveCfg = Release|Any CPU
		{CD6A6444-28E0-4E41-A466-B43549B915D0}.Release|Any CPU.Build.0 = Release|Any CPU
		{AD34DDDA-1309-4875-B929-02B6F51C267A}.Debug|Any CPU.ActiveCfg = Debug|Any CPU
		{AD34DDDA-1309-4875-B929-02B6F51C267A}.Debug|Any CPU.Build.0 = Debug|Any CPU
		{AD34DDDA-1309-4875-B929-02B6F51C267A}.Release|Any CPU.ActiveCfg = Release|Any CPU
		{AD34DDDA-1309-4875-B929-02B6F51C267A}.Release|Any CPU.Build.0 = Release|Any CPU
	EndGlobalSection
	GlobalSection(SolutionProperties) = preSolution
		HideSolutionNode = FALSE
	EndGlobalSection
	GlobalSection(ExtensibilityGlobals) = postSolution
		SolutionGuid = {87E007B2-C16F-479A-A394-9175AF6D6686}
	EndGlobalSection
EndGlobal
